
Microsoft Visual Studio Solution File, Format Version 12.00
# Visual Studio 15
VisualStudioVersion = 15.0.26730.16
MinimumVisualStudioVersion = 10.0.40219.1
Project("{FAE04EC0-301F-11D3-BF4B-00C04F79EFBC}") = "Decorator", "Decorator\Decorator.csproj", "{5F60C7BC-C9C9-42ED-AF8E-EAD6025EA2BE}"
EndProject
Project("{FAE04EC0-301F-11D3-BF4B-00C04F79EFBC}") = "StatePattern", "StatePattern\StatePattern.csproj", "{AA0CF66A-847E-4096-B074-38AD1C8F7747}"
EndProject
Global
	GlobalSection(SolutionConfigurationPlatforms) = preSolution
		Debug|Any CPU = Debug|Any CPU
		Release|Any CPU = Release|Any CPU
	EndGlobalSection
	GlobalSection(ProjectConfigurationPlatforms) = postSolution
		{5F60C7BC-C9C9-42ED-AF8E-EAD6025EA2BE}.Debug|Any CPU.ActiveCfg = Debug|Any CPU
		{5F60C7BC-C9C9-42ED-AF8E-EAD6025EA2BE}.Debug|Any CPU.Build.0 = Debug|Any CPU
		{5F60C7BC-C9C9-42ED-AF8E-EAD6025EA2BE}.Release|Any CPU.ActiveCfg = Release|Any CPU
		{5F60C7BC-C9C9-42ED-AF8E-EAD6025EA2BE}.Release|Any CPU.Build.0 = Release|Any CPU
		{AA0CF66A-847E-4096-B074-38AD1C8F7747}.Debug|Any CPU.ActiveCfg = Debug|Any CPU
		{AA0CF66A-847E-4096-B074-38AD1C8F7747}.Debug|Any CPU.Build.0 = Debug|Any CPU
		{AA0CF66A-847E-4096-B074-38AD1C8F7747}.Release|Any CPU.ActiveCfg = Release|Any CPU
		{AA0CF66A-847E-4096-B074-38AD1C8F7747}.Release|Any CPU.Build.0 = Release|Any CPU
	EndGlobalSection
	GlobalSection(SolutionProperties) = preSolution
		HideSolutionNode = FALSE
	EndGlobalSection
	GlobalSection(ExtensibilityGlobals) = postSolution
		SolutionGuid = {C1003350-DD33-496F-8777-791359A5ED5C}
	EndGlobalSection
EndGlobal
